{
  "nodes": {
    "bundix": {
      "inputs": {
        "nixpkgs": [
          "nixpkgs"
        ]
      },
      "locked": {
        "lastModified": 1721093334,
        "narHash": "sha256-5FghZ0HIETbc0TGcBV8uyixq5z4w/9PF5Puhujz3D1o=",
        "owner": "inscapist",
        "repo": "bundix",
        "rev": "42c08846f7e5d91ef121239fd364feaeb22c0bbc",
        "type": "github"
      },
      "original": {
        "owner": "inscapist",
        "ref": "main",
        "repo": "bundix",
        "type": "github"
      }
    },
    "nixpkgs": {
      "locked": {
        "lastModified": 1753555263,
        "narHash": "sha256-W2+U8tH/EJX7SQZ4mvdSjeOktJ4u5Hew5XQgfiIm7p0=",
        "owner": "NixOS",
        "repo": "nixpkgs",
        "rev": "e75ca8f04cf21263256809f56774c930235b31c5",
        "type": "github"
      },
      "original": {
        "owner": "NixOS",
        "repo": "nixpkgs",
        "type": "github"
      }
    },
    "root": {
      "inputs": {
        "bundix": "bundix",
        "nixpkgs": "nixpkgs",
        "ruby-nix": "ruby-nix"
      }
    },
    "ruby-nix": {
      "inputs": {
        "nixpkgs": [
          "nixpkgs"
        ]
      },
      "locked": {
        "lastModified": 1744623277,
        "narHash": "sha256-0HWA2YD9v71SHyMF11PKnVJcHnrHhRLHDCldlUbzYII=",
        "owner": "inscapist",
        "repo": "ruby-nix",
        "rev": "43964ced23803f49e2d307fbbfd4e03ed23760c0",
        "type": "github"
      },
      "original": {
        "owner": "inscapist",
        "repo": "ruby-nix",
        "type": "github"
      }
    }
  },
  "root": "root",
  "version": 7
}
